github.com/confluentinc/confluent-kafka-go v1.8.2 h1:PBdbvYpyOdFLehj8j+9ba7FL4c4Moxn79gy9cYKxG5E=
github.com/confluentinc/confluent-kafka-go v1.8.2/go.mod h1:u2zNLny2xq+5rWeTQjFHbDzzNuba4P1vo31r9r4uAdg=
github.com/lib/pq v1.10.2 h1:AqzbZs4ZoCBp+GtejcpCpcxM3zlSMx29dXbUSeVtJb8=
github.com/lib/pq v1.10.2/go.mod h1:AlVN5x4E4T544tWzH6hKfbfQvm3HdbOxrmggDNAPY9o=
